
Microsoft Visual Studio Solution File, Format Version 12.00
# Visual Studio 15
VisualStudioVersion = 15.0.27703.2000
MinimumVisualStudioVersion = 10.0.40219.1
Project("{FAE04EC0-301F-11D3-BF4B-00C04F79EFBC}") = "SimpleDelegate", "SimpleDelegate\SimpleDelegate.csproj", "{0B7478A1-5F63-41AD-B1F4-06643F40D2E4}"
EndProject
Global
	GlobalSection(SolutionConfigurationPlatforms) = preSolution
		Debug|Any CPU = Debug|Any CPU
		Release|Any CPU = Release|Any CPU
	EndGlobalSection
	GlobalSection(ProjectConfigurationPlatforms) = postSolution
		{0B7478A1-5F63-41AD-B1F4-06643F40D2E4}.Debug|Any CPU.ActiveCfg = Debug|Any CPU
		{0B7478A1-5F63-41AD-B1F4-06643F40D2E4}.Debug|Any CPU.Build.0 = Debug|Any CPU
		{0B7478A1-5F63-41AD-B1F4-06643F40D2E4}.Release|Any CPU.ActiveCfg = Release|Any CPU
		{0B7478A1-5F63-41AD-B1F4-06643F40D2E4}.Release|Any CPU.Build.0 = Release|Any CPU
	EndGlobalSection
	GlobalSection(SolutionProperties) = preSolution
		HideSolutionNode = FALSE
	EndGlobalSection
	GlobalSection(ExtensibilityGlobals) = postSolution
		SolutionGuid = {2C81CD62-0CBD-4937-94B0-3AA296AF288F}
	EndGlobalSection
EndGlobal
